{
  "name": "TFG-Sepsis2023",
  "lockfileVersion": 3,
  "requires": true,
  "packages": {
    "": {
      "dependencies": {
        "keras": "^1.0.1"
      }
    },
    "node_modules/keras": {
      "version": "1.0.1",
      "resolved": "https://registry.npmjs.org/keras/-/keras-1.0.1.tgz",
      "integrity": "sha512-0oJaBpRGndcHauSufmFldNkZfuWis5ddeFegcmim67jSa4Vh+asC/nOspkUQsC8qarr3a0Ps/lKm0r2HiEU2YA=="
    }
  }
}
